
Microsoft Visual Studio Solution File, Format Version 12.00
# Visual Studio 15
VisualStudioVersion = 15.0.27703.2047
MinimumVisualStudioVersion = 10.0.40219.1
Project("{FAE04EC0-301F-11D3-BF4B-00C04F79EFBC}") = "LayoutExample", "LayoutExample.csproj", "{B7C27CEC-1AF3-4645-9D91-C1A427D10674}"
EndProject
Global
	GlobalSection(SolutionConfigurationPlatforms) = preSolution
		Debug|Any CPU = Debug|Any CPU
		Release|Any CPU = Release|Any CPU
	EndGlobalSection
	GlobalSection(ProjectConfigurationPlatforms) = postSolution
		{B7C27CEC-1AF3-4645-9D91-C1A427D10674}.Debug|Any CPU.ActiveCfg = Debug|Any CPU
		{B7C27CEC-1AF3-4645-9D91-C1A427D10674}.Debug|Any CPU.Build.0 = Debug|Any CPU
		{B7C27CEC-1AF3-4645-9D91-C1A427D10674}.Release|Any CPU.ActiveCfg = Release|Any CPU
		{B7C27CEC-1AF3-4645-9D91-C1A427D10674}.Release|Any CPU.Build.0 = Release|Any CPU
	EndGlobalSection
	GlobalSection(SolutionProperties) = preSolution
		HideSolutionNode = FALSE
	EndGlobalSection
	GlobalSection(ExtensibilityGlobals) = postSolution
		SolutionGuid = {97DBD9E2-190D-4EDC-ACEE-5155FA7A04E4}
	EndGlobalSection
EndGlobal
