
Microsoft Visual Studio Solution File, Format Version 12.00
# Visual Studio 15
VisualStudioVersion = 15.0.27703.2047
MinimumVisualStudioVersion = 10.0.40219.1
Project("{FAE04EC0-301F-11D3-BF4B-00C04F79EFBC}") = "PropertyElementSyntaxExample", "PropertyElementSyntaxExample.csproj", "{97560EF0-663D-4459-8ABE-5AE85AE35B78}"
EndProject
Global
	GlobalSection(SolutionConfigurationPlatforms) = preSolution
		Debug|Any CPU = Debug|Any CPU
		Release|Any CPU = Release|Any CPU
	EndGlobalSection
	GlobalSection(ProjectConfigurationPlatforms) = postSolution
		{97560EF0-663D-4459-8ABE-5AE85AE35B78}.Debug|Any CPU.ActiveCfg = Debug|Any CPU
		{97560EF0-663D-4459-8ABE-5AE85AE35B78}.Debug|Any CPU.Build.0 = Debug|Any CPU
		{97560EF0-663D-4459-8ABE-5AE85AE35B78}.Release|Any CPU.ActiveCfg = Release|Any CPU
		{97560EF0-663D-4459-8ABE-5AE85AE35B78}.Release|Any CPU.Build.0 = Release|Any CPU
	EndGlobalSection
	GlobalSection(SolutionProperties) = preSolution
		HideSolutionNode = FALSE
	EndGlobalSection
	GlobalSection(ExtensibilityGlobals) = postSolution
		SolutionGuid = {5FECA847-8132-4F90-AF3B-AC8F63D5FB4D}
	EndGlobalSection
EndGlobal
