
Microsoft Visual Studio Solution File, Format Version 12.00
# Visual Studio 15
VisualStudioVersion = 15.0.27703.2047
MinimumVisualStudioVersion = 10.0.40219.1
Project("{FAE04EC0-301F-11D3-BF4B-00C04F79EFBC}") = "DataBindingExample", "DataBindingExample.csproj", "{AA578AEA-5CBE-4BBB-BF4E-EDAFFDB86AE3}"
EndProject
Global
	GlobalSection(SolutionConfigurationPlatforms) = preSolution
		Debug|Any CPU = Debug|Any CPU
		Release|Any CPU = Release|Any CPU
	EndGlobalSection
	GlobalSection(ProjectConfigurationPlatforms) = postSolution
		{AA578AEA-5CBE-4BBB-BF4E-EDAFFDB86AE3}.Debug|Any CPU.ActiveCfg = Debug|Any CPU
		{AA578AEA-5CBE-4BBB-BF4E-EDAFFDB86AE3}.Debug|Any CPU.Build.0 = Debug|Any CPU
		{AA578AEA-5CBE-4BBB-BF4E-EDAFFDB86AE3}.Release|Any CPU.ActiveCfg = Release|Any CPU
		{AA578AEA-5CBE-4BBB-BF4E-EDAFFDB86AE3}.Release|Any CPU.Build.0 = Release|Any CPU
	EndGlobalSection
	GlobalSection(SolutionProperties) = preSolution
		HideSolutionNode = FALSE
	EndGlobalSection
	GlobalSection(ExtensibilityGlobals) = postSolution
		SolutionGuid = {302F438C-B6D8-4258-9522-E50FA5779421}
	EndGlobalSection
EndGlobal
